
Microsoft Visual Studio Solution File, Format Version 12.00
# Visual Studio Version 17
VisualStudioVersion = 17.13.35931.197 d17.13
MinimumVisualStudioVersion = 10.0.40219.1
Project("{FAE04EC0-301F-11D3-BF4B-00C04F79EFBC}") = "DocumentValidator", "DocumentValidator\DocumentValidator.csproj", "{0D88F99B-7EF9-4AE1-AC77-D810B2F7DACD}"
EndProject
Global
	GlobalSection(SolutionConfigurationPlatforms) = preSolution
		Debug|Any CPU = Debug|Any CPU
		Release|Any CPU = Release|Any CPU
	EndGlobalSection
	GlobalSection(ProjectConfigurationPlatforms) = postSolution
		{0D88F99B-7EF9-4AE1-AC77-D810B2F7DACD}.Debug|Any CPU.ActiveCfg = Debug|Any CPU
		{0D88F99B-7EF9-4AE1-AC77-D810B2F7DACD}.Debug|Any CPU.Build.0 = Debug|Any CPU
		{0D88F99B-7EF9-4AE1-AC77-D810B2F7DACD}.Release|Any CPU.ActiveCfg = Release|Any CPU
		{0D88F99B-7EF9-4AE1-AC77-D810B2F7DACD}.Release|Any CPU.Build.0 = Release|Any CPU
	EndGlobalSection
	GlobalSection(SolutionProperties) = preSolution
		HideSolutionNode = FALSE
	EndGlobalSection
	GlobalSection(ExtensibilityGlobals) = postSolution
		SolutionGuid = {151361AE-DD37-4E17-86DB-5017DB9955AF}
	EndGlobalSection
EndGlobal
